// !$*UTF8*$!
{
	archiveVersion = 1;
	classes = {
	};
	objectVersion = 51;
	objects = {

/* Begin PBXBuildFile section */
		81311CD32329D99F0058565B /* AppDelegate.swift in Sources */ = {isa = PBXBuildFile; fileRef = 81311CD22329D99F0058565B /* AppDelegate.swift */; };
		81311CD52329D99F0058565B /* ViewController.swift in Sources */ = {isa = PBXBuildFile; fileRef = 81311CD42329D99F0058565B /* ViewController.swift */; };
		81311CD82329D99F0058565B /* Main.storyboard in Resources */ = {isa = PBXBuildFile; fileRef = 81311CD62329D99F0058565B /* Main.storyboard */; };
		81311CDA2329D9A10058565B /* Assets.xcassets in Resources */ = {isa = PBXBuildFile; fileRef = 81311CD92329D9A10058565B /* Assets.xcassets */; };
		81311CDD2329D9A10058565B /* LaunchScreen.storyboard in Resources */ = {isa = PBXBuildFile; fileRef = 81311CDB2329D9A10058565B /* LaunchScreen.storyboard */; };
		81AF02B12329F85D0081D377 /* Weather.swift in Sources */ = {isa = PBXBuildFile; fileRef = 81AF02B02329F85D0081D377 /* Weather.swift */; };
		81AF02B32329F8C50081D377 /* DataServices.swift in Sources */ = {isa = PBXBuildFile; fileRef = 81AF02B22329F8C50081D377 /* DataServices.swift */; };
		81AF02B62329FDB50081D377 /* UrlApi.swift in Sources */ = {isa = PBXBuildFile; fileRef = 81AF02B52329FDB50081D377 /* UrlApi.swift */; };
		E7169F58B5E91D769C25140D /* Pods_SwiftAlamofileDemo.framework in Frameworks */ = {isa = PBXBuildFile; fileRef = 553E9F5EBDDE2112CC34B002 /* Pods_SwiftAlamofileDemo.framework */; };
/* End PBXBuildFile section */

/* Begin PBXFileReference section */
		553E9F5EBDDE2112CC34B002 /* Pods_SwiftAlamofileDemo.framework */ = {isa = PBXFileReference; explicitFileType = wrapper.framework; includeInIndex = 0; path = Pods_SwiftAlamofileDemo.framework; sourceTree = BUILT_PRODUCTS_DIR; };
		81311CCF2329D99F0058565B /* SwiftAlamofileDemo.app */ = {isa = PBXFileReference; explicitFileType = wrapper.application; includeInIndex = 0; path = SwiftAlamofileDemo.app; sourceTree = BUILT_PRODUCTS_DIR; };
		81311CD22329D99F0058565B /* AppDelegate.swift */ = {isa = PBXFileReference; lastKnownFileType = sourcecode.swift; path = AppDelegate.swift; sourceTree = "<group>"; };
		81311CD42329D99F0058565B /* ViewController.swift */ = {isa = PBXFileReference; lastKnownFileType = sourcecode.swift; path = ViewController.swift; sourceTree = "<group>"; };
		81311CD72329D99F0058565B /* Base */ = {isa = PBXFileReference; lastKnownFileType = file.storyboard; name = Base; path = Base.lproj/Main.storyboard; sourceTree = "<group>"; };
		81311CD92329D9A10058565B /* Assets.xcassets */ = {isa = PBXFileReference; lastKnownFileType = folder.assetcatalog; path = Assets.xcassets; sourceTree = "<group>"; };
		81311CDC2329D9A10058565B /* Base */ = {isa = PBXFileReference; lastKnownFileType = file.storyboard; name = Base; path = Base.lproj/LaunchScreen.storyboard; sourceTree = "<group>"; };
		81311CDE2329D9A10058565B /* Info.plist */ = {isa = PBXFileReference; lastKnownFileType = text.plist.xml; path = Info.plist; sourceTree = "<group>"; };
		81AF02B02329F85D0081D377 /* Weather.swift */ = {isa = PBXFileReference; lastKnownFileType = sourcecode.swift; path = Weather.swift; sourceTree = "<group>"; };
		81AF02B22329F8C50081D377 /* DataServices.swift */ = {isa = PBXFileReference; lastKnownFileType = sourcecode.swift; path = DataServices.swift; sourceTree = "<group>"; };
		81AF02B52329FDB50081D377 /* UrlApi.swift */ = {isa = PBXFileReference; lastKnownFileType = sourcecode.swift; path = UrlApi.swift; sourceTree = "<group>"; };
		D78DCDF368C0429087412E41 /* Pods-SwiftAlamofileDemo.release.xcconfig */ = {isa = PBXFileReference; includeInIndex = 1; lastKnownFileType = text.xcconfig; name = "Pods-SwiftAlamofileDemo.release.xcconfig"; path = "Target Support Files/Pods-SwiftAlamofileDemo/Pods-SwiftAlamofileDemo.release.xcconfig"; sourceTree = "<group>"; };
		F9E067EAD2828356D65C5CBA /* Pods-SwiftAlamofileDemo.debug.xcconfig */ = {isa = PBXFileReference; includeInIndex = 1; lastKnownFileType = text.xcconfig; name = "Pods-SwiftAlamofileDemo.debug.xcconfig"; path = "Target Support Files/Pods-SwiftAlamofileDemo/Pods-SwiftAlamofileDemo.debug.xcconfig"; sourceTree = "<group>"; };
/* End PBXFileReference section */

/* Begin PBXFrameworksBuildPhase section */
		81311CCC2329D99F0058565B /* Frameworks */ = {
			isa = PBXFrameworksBuildPhase;
			buildActionMask = 2147483647;
			files = (
				E7169F58B5E91D769C25140D /* Pods_SwiftAlamofileDemo.framework in Frameworks */,
			);
			runOnlyForDeploymentPostprocessing = 0;
		};
/* End PBXFrameworksBuildPhase section */

/* Begin PBXGroup section */
		81311CC62329D99F0058565B = {
			isa = PBXGroup;
			children = (
				81AF02AF2329F82C0081D377 /* Model */,
				81311CD12329D99F0058565B /* SwiftAlamofileDemo */,
				81311CD02329D99F0058565B /* Products */,
				9D0A20852AFA3006BDA5E413 /* Pods */,
				AF2E8C5B6E5CB4A2DE7671FE /* Frameworks */,
			);
			sourceTree = "<group>";
		};
		81311CD02329D99F0058565B /* Products */ = {
			isa = PBXGroup;
			children = (
				81311CCF2329D99F0058565B /* SwiftAlamofileDemo.app */,
			);
			name = Products;
			sourceTree = "<group>";
		};
		81311CD12329D99F0058565B /* SwiftAlamofileDemo */ = {
			isa = PBXGroup;
			children = (
				81311CD22329D99F0058565B /* AppDelegate.swift */,
				81311CD42329D99F0058565B /* ViewController.swift */,
				81311CD62329D99F0058565B /* Main.storyboard */,
				81311CD92329D9A10058565B /* Assets.xcassets */,
				81311CDB2329D9A10058565B /* LaunchScreen.storyboard */,
				81311CDE2329D9A10058565B /* Info.plist */,
			);
			path = SwiftAlamofileDemo;
			sourceTree = "<group>";
		};
		81AF02AF2329F82C0081D377 /* Model */ = {
			isa = PBXGroup;
			children = (
				81AF02B02329F85D0081D377 /* Weather.swift */,
				81AF02B22329F8C50081D377 /* DataServices.swift */,
				81AF02B52329FDB50081D377 /* UrlApi.swift */,
			);
			path = Model;
			sourceTree = "<group>";
		};
		9D0A20852AFA3006BDA5E413 /* Pods */ = {
			isa = PBXGroup;
			children = (
				F9E067EAD2828356D65C5CBA /* Pods-SwiftAlamofileDemo.debug.xcconfig */,
				D78DCDF368C0429087412E41 /* Pods-SwiftAlamofileDemo.release.xcconfig */,
			);
			path = Pods;
			sourceTree = "<group>";
		};
		AF2E8C5B6E5CB4A2DE7671FE /* Frameworks */ = {
			isa = PBXGroup;
			children = (
				553E9F5EBDDE2112CC34B002 /* Pods_SwiftAlamofileDemo.framework */,
			);
			name = Frameworks;
			sourceTree = "<group>";
		};
/* End PBXGroup section */

/* Begin PBXNativeTarget section */
		81311CCE2329D99F0058565B /* SwiftAlamofileDemo */ = {
			isa = PBXNativeTarget;
			buildConfigurationList = 81311CE12329D9A10058565B /* Build configuration list for PBXNativeTarget "SwiftAlamofileDemo" */;
			buildPhases = (
				0D550720BD84167EF0D7941B /* [CP] Check Pods Manifest.lock */,
				81311CCB2329D99F0058565B /* Sources */,
				81311CCC2329D99F0058565B /* Frameworks */,
				81311CCD2329D99F0058565B /* Resources */,
				9726F0C269AC81FEA2821BB8 /* [CP] Embed Pods Frameworks */,
			);
			buildRules = (
			);
			dependencies = (
			);
			name = SwiftAlamofileDemo;
			productName = SwiftAlamofileDemo;
			productReference = 81311CCF2329D99F0058565B /* SwiftAlamofileDemo.app */;
			productType = "com.apple.product-type.application";
		};
/* End PBXNativeTarget section */

/* Begin PBXProject section */
		81311CC72329D99F0058565B /* Project object */ = {
			isa = PBXProject;
			attributes = {
				LastSwiftUpdateCheck = 1020;
				LastUpgradeCheck = 1020;
				ORGANIZATIONNAME = "LuyệnĐào";
				TargetAttributes = {
					81311CCE2329D99F0058565B = {
						CreatedOnToolsVersion = 10.2;
					};
				};
			};
			buildConfigurationList = 81311CCA2329D99F0058565B /* Build configuration list for PBXProject "SwiftAlamofileDemo" */;
			compatibilityVersion = "Xcode 9.3";
			developmentRegion = en;
			hasScannedForEncodings = 0;
			knownRegions = (
				en,
				Base,
			);
			mainGroup = 81311CC62329D99F0058565B;
			productRefGroup = 81311CD02329D99F0058565B /* Products */;
			projectDirPath = "";
			projectRoot = "";
			targets = (
				81311CCE2329D99F0058565B /* SwiftAlamofileDemo */,
			);
		};
/* End PBXProject section */

/* Begin PBXResourcesBuildPhase section */
		81311CCD2329D99F0058565B /* Resources */ = {
			isa = PBXResourcesBuildPhase;
			buildActionMask = 2147483647;
			files = (
				81311CDD2329D9A10058565B /* LaunchScreen.storyboard in Resources */,
				81311CDA2329D9A10058565B /* Assets.xcassets in Resources */,
				81311CD82329D99F0058565B /* Main.storyboard in Resources */,
			);
			runOnlyForDeploymentPostprocessing = 0;
		};
/* End PBXResourcesBuildPhase section */

/* Begin PBXShellScriptBuildPhase section */
		0D550720BD84167EF0D7941B /* [CP] Check Pods Manifest.lock */ = {
			isa = PBXShellScriptBuildPhase;
			buildActionMask = 2147483647;
			files = (
			);
			inputFileListPaths = (
			);
			inputPaths = (
				"${PODS_PODFILE_DIR_PATH}/Podfile.lock",
				"${PODS_ROOT}/Manifest.lock",
			);
			name = "[CP] Check Pods Manifest.lock";
			outputFileListPaths = (
			);
			outputPaths = (
				"$(DERIVED_FILE_DIR)/Pods-SwiftAlamofileDemo-checkManifestLockResult.txt",
			);
			runOnlyForDeploymentPostprocessing = 0;
			shellPath = /bin/sh;
			shellScript = "diff \"${PODS_PODFILE_DIR_PATH}/Podfile.lock\" \"${PODS_ROOT}/Manifest.lock\" > /dev/null\nif [ $? != 0 ] ; then\n    # print error to STDERR\n    echo \"error: The sandbox is not in sync with the Podfile.lock. Run 'pod install' or update your CocoaPods installation.\" >&2\n    exit 1\nfi\n# This output is used by Xcode 'outputs' to avoid re-running this script phase.\necho \"SUCCESS\" > \"${SCRIPT_OUTPUT_FILE_0}\"\n";
			showEnvVarsInLog = 0;
		};
		9726F0C269AC81FEA2821BB8 /* [CP] Embed Pods Frameworks */ = {
			isa = PBXShellScriptBuildPhase;
			buildActionMask = 2147483647;
			files = (
			);
			inputFileListPaths = (
				"${PODS_ROOT}/Target Support Files/Pods-SwiftAlamofileDemo/Pods-SwiftAlamofileDemo-frameworks-${CONFIGURATION}-input-files.xcfilelist",
			);
			name = "[CP] Embed Pods Frameworks";
			outputFileListPaths = (
				"${PODS_ROOT}/Target Support Files/Pods-SwiftAlamofileDemo/Pods-SwiftAlamofileDemo-frameworks-${CONFIGURATION}-output-files.xcfilelist",
			);
			runOnlyForDeploymentPostprocessing = 0;
			shellPath = /bin/sh;
			shellScript = "\"${PODS_ROOT}/Target Support Files/Pods-SwiftAlamofileDemo/Pods-SwiftAlamofileDemo-frameworks.sh\"\n";
			showEnvVarsInLog = 0;
		};
/* End PBXShellScriptBuildPhase section */

/* Begin PBXSourcesBuildPhase section */
		81311CCB2329D99F0058565B /* Sources */ = {
			isa = PBXSourcesBuildPhase;
			buildActionMask = 2147483647;
			files = (
				81311CD52329D99F0058565B /* ViewController.swift in Sources */,
				81AF02B12329F85D0081D377 /* Weather.swift in Sources */,
				81AF02B62329FDB50081D377 /* UrlApi.swift in Sources */,
				81311CD32329D99F0058565B /* AppDelegate.swift in Sources */,
				81AF02B32329F8C50081D377 /* DataServices.swift in Sources */,
			);
			runOnlyForDeploymentPostprocessing = 0;
		};
/* End PBXSourcesBuildPhase section */

/* Begin PBXVariantGroup section */
		81311CD62329D99F0058565B /* Main.storyboard */ = {
			isa = PBXVariantGroup;
			children = (
				81311CD72329D99F0058565B /* Base */,
			);
			name = Main.storyboard;
			sourceTree = "<group>";
		};
		81311CDB2329D9A10058565B /* LaunchScreen.storyboard */ = {
			isa = PBXVariantGroup;
			children = (
				81311CDC2329D9A10058565B /* Base */,
			);
			name = LaunchScreen.storyboard;
			sourceTree = "<group>";
		};
/* End PBXVariantGroup section */

/* Begin XCBuildConfiguration section */
		81311CDF2329D9A10058565B /* Debug */ = {
			isa = XCBuildConfiguration;
			buildSettings = {
				ALWAYS_SEARCH_USER_PATHS = NO;
				CLANG_ANALYZER_NONNULL = YES;
				CLANG_ANALYZER_NUMBER_OBJECT_CONVERSION = YES_AGGRESSIVE;
				CLANG_CXX_LANGUAGE_STANDARD = "gnu++14";
				CLANG_CXX_LIBRARY = "libc++";
				CLANG_ENABLE_MODULES = YES;
				CLANG_ENABLE_OBJC_ARC = YES;
				CLANG_ENABLE_OBJC_WEAK = YES;
				CLANG_WARN_BLOCK_CAPTURE_AUTORELEASING = YES;
				CLANG_WARN_BOOL_CONVERSION = YES;
				CLANG_WARN_COMMA = YES;
				CLANG_WARN_CONSTANT_CONVERSION = YES;
				CLANG_WARN_DEPRECATED_OBJC_IMPLEMENTATIONS = YES;
				CLANG_WARN_DIRECT_OBJC_ISA_USAGE = YES_ERROR;
				CLANG_WARN_DOCUMENTATION_COMMENTS = YES;
				CLANG_WARN_EMPTY_BODY = YES;
				CLANG_WARN_ENUM_CONVERSION = YES;
				CLANG_WARN_INFINITE_RECURSION = YES;
				CLANG_WARN_INT_CONVERSION = YES;
				CLANG_WARN_NON_LITERAL_NULL_CONVERSION = YES;
				CLANG_WARN_OBJC_IMPLICIT_RETAIN_SELF = YES;
				CLANG_WARN_OBJC_LITERAL_CONVERSION = YES;
				CLANG_WARN_OBJC_ROOT_CLASS = YES_ERROR;
				CLANG_WARN_RANGE_LOOP_ANALYSIS = YES;
				CLANG_WARN_STRICT_PROTOTYPES = YES;
				CLANG_WARN_SUSPICIOUS_MOVE = YES;
				CLANG_WARN_UNGUARDED_AVAILABILITY = YES_AGGRESSIVE;
				CLANG_WARN_UNREACHABLE_CODE = YES;
				CLANG_WARN__DUPLICATE_METHOD_MATCH = YES;
				CODE_SIGN_IDENTITY = "iPhone Developer";
				COPY_PHASE_STRIP = NO;
				DEBUG_INFORMATION_FORMAT = dwarf;
				ENABLE_STRICT_OBJC_MSGSEND = YES;
				ENABLE_TESTABILITY = YES;
				GCC_C_LANGUAGE_STANDARD = gnu11;
				GCC_DYNAMIC_NO_PIC = NO;
				GCC_NO_COMMON_BLOCKS = YES;
				GCC_OPTIMIZATION_LEVEL = 0;
				GCC_PREPROCESSOR_DEFINITIONS = (
					"DEBUG=1",
					"$(inherited)",
				);
				GCC_WARN_64_TO_32_BIT_CONVERSION = YES;
				GCC_WARN_ABOUT_RETURN_TYPE = YES_ERROR;
				GCC_WARN_UNDECLARED_SELECTOR = YES;
				GCC_WARN_UNINITIALIZED_AUTOS = YES_AGGRESSIVE;
				GCC_WARN_UNUSED_FUNCTION = YES;
				GCC_WARN_UNUSED_VARIABLE = YES;
				IPHONEOS_DEPLOYMENT_TARGET = 12.2;
				MTL_ENABLE_DEBUG_INFO = INCLUDE_SOURCE;
				MTL_FAST_MATH = YES;
				ONLY_ACTIVE_ARCH = YES;
				SDKROOT = iphoneos;
				SWIFT_ACTIVE_COMPILATION_CONDITIONS = DEBUG;
				SWIFT_OPTIMIZATION_LEVEL = "-Onone";
			};
			name = Debug;
		};
		81311CE02329D9A10058565B /* Release */ = {
			isa = XCBuildConfiguration;
			buildSettings = {
				ALWAYS_SEARCH_USER_PATHS = NO;
				CLANG_ANALYZER_NONNULL = YES;
				CLANG_ANALYZER_NUMBER_OBJECT_CONVERSION = YES_AGGRESSIVE;
				CLANG_CXX_LANGUAGE_STANDARD = "gnu++14";
				CLANG_CXX_LIBRARY = "libc++";
				CLANG_ENABLE_MODULES = YES;
				CLANG_ENABLE_OBJC_ARC = YES;
				CLANG_ENABLE_OBJC_WEAK = YES;
				CLANG_WARN_BLOCK_CAPTURE_AUTORELEASING = YES;
				CLANG_WARN_BOOL_CONVERSION = YES;
				CLANG_WARN_COMMA = YES;
				CLANG_WARN_CONSTANT_CONVERSION = YES;
				CLANG_WARN_DEPRECATED_OBJC_IMPLEMENTATIONS = YES;
				CLANG_WARN_DIRECT_OBJC_ISA_USAGE = YES_ERROR;
				CLANG_WARN_DOCUMENTATION_COMMENTS = YES;
				CLANG_WARN_EMPTY_BODY = YES;
				CLANG_WARN_ENUM_CONVERSION = YES;
				CLANG_WARN_INFINITE_RECURSION = YES;
				CLANG_WARN_INT_CONVERSION = YES;
				CLANG_WARN_NON_LITERAL_NULL_CONVERSION = YES;
				CLANG_WARN_OBJC_IMPLICIT_RETAIN_SELF = YES;
				CLANG_WARN_OBJC_LITERAL_CONVERSION = YES;
				CLANG_WARN_OBJC_ROOT_CLASS = YES_ERROR;
				CLANG_WARN_RANGE_LOOP_ANALYSIS = YES;
				CLANG_WARN_STRICT_PROTOTYPES = YES;
				CLANG_WARN_SUSPICIOUS_MOVE = YES;
				CLANG_WARN_UNGUARDED_AVAILABILITY = YES_AGGRESSIVE;
				CLANG_WARN_UNREACHABLE_CODE = YES;
				CLANG_WARN__DUPLICATE_METHOD_MATCH = YES;
				CODE_SIGN_IDENTITY = "iPhone Developer";
				COPY_PHASE_STRIP = NO;
				DEBUG_INFORMATION_FORMAT = "dwarf-with-dsym";
				ENABLE_NS_ASSERTIONS = NO;
				ENABLE_STRICT_OBJC_MSGSEND = YES;
				GCC_C_LANGUAGE_STANDARD = gnu11;
				GCC_NO_COMMON_BLOCKS = YES;
				GCC_WARN_64_TO_32_BIT_CONVERSION = YES;
				GCC_WARN_ABOUT_RETURN_TYPE = YES_ERROR;
				GCC_WARN_UNDECLARED_SELECTOR = YES;
				GCC_WARN_UNINITIALIZED_AUTOS = YES_AGGRESSIVE;
				GCC_WARN_UNUSED_FUNCTION = YES;
				GCC_WARN_UNUSED_VARIABLE = YES;
				IPHONEOS_DEPLOYMENT_TARGET = 12.2;
				MTL_ENABLE_DEBUG_INFO = NO;
				MTL_FAST_MATH = YES;
				SDKROOT = iphoneos;
				SWIFT_COMPILATION_MODE = wholemodule;
				SWIFT_OPTIMIZATION_LEVEL = "-O";
				VALIDATE_PRODUCT = YES;
			};
			name = Release;
		};
		81311CE22329D9A10058565B /* Debug */ = {
			isa = XCBuildConfiguration;
			baseConfigurationReference = F9E067EAD2828356D65C5CBA /* Pods-SwiftAlamofileDemo.debug.xcconfig */;
			buildSettings = {
				ASSETCATALOG_COMPILER_APPICON_NAME = AppIcon;
				CODE_SIGN_STYLE = Automatic;
				INFOPLIST_FILE = SwiftAlamofileDemo/Info.plist;
				LD_RUNPATH_SEARCH_PATHS = (
					"$(inherited)",
					"@executable_path/Frameworks",
				);
				PRODUCT_BUNDLE_IDENTIFIER = luyendao.SwiftAlamofileDemo;
				PRODUCT_NAME = "$(TARGET_NAME)";
				SWIFT_VERSION = 5.0;
				TARGETED_DEVICE_FAMILY = "1,2";
			};
			name = Debug;
		};
		81311CE32329D9A10058565B /* Release */ = {
			isa = XCBuildConfiguration;
			baseConfigurationReference = D78DCDF368C0429087412E41 /* Pods-SwiftAlamofileDemo.release.xcconfig */;
			buildSettings = {
				ASSETCATALOG_COMPILER_APPICON_NAME = AppIcon;
				CODE_SIGN_STYLE = Automatic;
				INFOPLIST_FILE = SwiftAlamofileDemo/Info.plist;
				LD_RUNPATH_SEARCH_PATHS = (
					"$(inherited)",
					"@executable_path/Frameworks",
				);
				PRODUCT_BUNDLE_IDENTIFIER = luyendao.SwiftAlamofileDemo;
				PRODUCT_NAME = "$(TARGET_NAME)";
				SWIFT_VERSION = 5.0;
				TARGETED_DEVICE_FAMILY = "1,2";
			};
			name = Release;
		};
/* End XCBuildConfiguration section */

/* Begin XCConfigurationList section */
		81311CCA2329D99F0058565B /* Build configuration list for PBXProject "SwiftAlamofileDemo" */ = {
			isa = XCConfigurationList;
			buildConfigurations = (
				81311CDF2329D9A10058565B /* Debug */,
				81311CE02329D9A10058565B /* Release */,
			);
			defaultConfigurationIsVisible = 0;
			defaultConfigurationName = Release;
		};
		81311CE12329D9A10058565B /* Build configuration list for PBXNativeTarget "SwiftAlamofileDemo" */ = {
			isa = XCConfigurationList;
			buildConfigurations = (
				81311CE22329D9A10058565B /* Debug */,
				81311CE32329D9A10058565B /* Release */,
			);
			defaultConfigurationIsVisible = 0;
			defaultConfigurationName = Release;
		};
/* End XCConfigurationList section */
	};
	rootObject = 81311CC72329D99F0058565B /* Project object */;
}
